
Microsoft Visual Studio Solution File, Format Version 12.00
# Visual Studio 15
VisualStudioVersion = 15.0.26730.12
MinimumVisualStudioVersion = 10.0.40219.1
Project("{FAE04EC0-301F-11D3-BF4B-00C04F79EFBC}") = "Graph.DFS.BFS", "Graph\Graph.DFS.BFS\Graph.DFS.BFS.csproj", "{02EFC24E-313F-4E51-98D7-A8A5AD179C05}"
EndProject
Project("{2150E333-8FDC-42A3-9474-1A3956D46DE8}") = "Graph", "Graph", "{E1DF59D9-4CBA-4525-8C6A-BC87A79E0B7F}"
EndProject
Project("{FAE04EC0-301F-11D3-BF4B-00C04F79EFBC}") = "Graph.Cycle", "Graph\Graph.Cycle\Graph.Cycle.csproj", "{7ECC1890-9015-43A6-8BC1-F122E6020DE4}"
EndProject
Project("{FAE04EC0-301F-11D3-BF4B-00C04F79EFBC}") = "Graph.Base", "Graph.Base\Graph.Base.csproj", "{80E8DB11-0381-4D61-9BBE-E886F11AE0FD}"
EndProject
Project("{FAE04EC0-301F-11D3-BF4B-00C04F79EFBC}") = "Graph.ShortestPath", "Graph.ShortestPath\Graph.ShortestPath.csproj", "{180F3DE8-5011-4D61-90E1-34835B2CDCFE}"
EndProject
Project("{2150E333-8FDC-42A3-9474-1A3956D46DE8}") = "BitOperation", "BitOperation", "{3DAB5719-A4EC-4313-960B-618888792FCC}"
EndProject
Project("{FAE04EC0-301F-11D3-BF4B-00C04F79EFBC}") = "BitOperation", "BitOperation\BitOperation.csproj", "{2C0D34EF-DCBB-40F9-8E10-F78D122FFBE9}"
EndProject
Project("{2150E333-8FDC-42A3-9474-1A3956D46DE8}") = "DynamiqueProgramming", "DynamiqueProgramming", "{580F625D-77A0-4BBF-B5DA-94F8D1DEF470}"
EndProject
Project("{FAE04EC0-301F-11D3-BF4B-00C04F79EFBC}") = "DynamiqueProgramming", "DynamiqueProgramming\DynamiqueProgramming.csproj", "{935F300F-6795-4951-9C80-9C76382BD5FC}"
EndProject
Project("{2150E333-8FDC-42A3-9474-1A3956D46DE8}") = "PatternSearching", "PatternSearching", "{9A8F19B2-32B7-43AA-9B2C-C8D1B241F2B3}"
EndProject
Project("{FAE04EC0-301F-11D3-BF4B-00C04F79EFBC}") = "PatternSearching", "PatternSearching\PatternSearching.csproj", "{AAC4522F-FEA4-4A7A-BE2F-F9FCF7661D0F}"
EndProject
Project("{FAE04EC0-301F-11D3-BF4B-00C04F79EFBC}") = "Collection", "Collection\Collection.csproj", "{BA3E048E-5D0B-4B55-9B51-D9A8B5D20BED}"
EndProject
Project("{2150E333-8FDC-42A3-9474-1A3956D46DE8}") = "Lib", "Lib", "{12B2E162-C478-4695-864C-99CC2D421373}"
EndProject
Project("{2150E333-8FDC-42A3-9474-1A3956D46DE8}") = "Entities", "Entities", "{07D458BC-093E-4704-B402-4F2016D7C9EA}"
	ProjectSection(SolutionItems) = preProject
		Employee.cs = Employee.cs
		Test\Point.cs = Test\Point.cs
	EndProjectSection
EndProject
Project("{2150E333-8FDC-42A3-9474-1A3956D46DE8}") = "MDF", "MDF", "{1DA28589-EA8E-4A91-8146-81DBA3148FC8}"
EndProject
Project("{FAE04EC0-301F-11D3-BF4B-00C04F79EFBC}") = "Test", "Test\Test.csproj", "{9B44231E-DC86-4903-933C-D2C67DD9636E}"
EndProject
Project("{2150E333-8FDC-42A3-9474-1A3956D46DE8}") = "GoogleCodeJam", "GoogleCodeJam", "{FE9F599F-BAAC-4413-98FC-5E5F5B4334BA}"
EndProject
Project("{2150E333-8FDC-42A3-9474-1A3956D46DE8}") = "CodingGame", "CodingGame", "{2E5AC216-52E7-4FC6-9677-1D7EF75CD398}"
EndProject
Project("{FAE04EC0-301F-11D3-BF4B-00C04F79EFBC}") = "ArrayCollections", "CodingGame\ArrayCollections\ArrayCollections.csproj", "{DFCDEF2A-68DB-4568-A945-BC684CEE4CE3}"
EndProject
Project("{FAE04EC0-301F-11D3-BF4B-00C04F79EFBC}") = "Characters", "CodingGame\Characters\Characters.csproj", "{ADDA15AA-0A48-4529-9E8B-5B33F42C7278}"
EndProject
Project("{FAE04EC0-301F-11D3-BF4B-00C04F79EFBC}") = "Practices", "CodingGame\Practices\Practices.csproj", "{8E42D0C0-71CD-42FF-A586-257A18650D22}"
EndProject
Project("{FAE04EC0-301F-11D3-BF4B-00C04F79EFBC}") = "Search", "CodingGame\Search\Search.csproj", "{4C1655A6-29D3-42F5-A2D6-F43A59E94E3A}"
EndProject
Project("{FAE04EC0-301F-11D3-BF4B-00C04F79EFBC}") = "Sort", "CodingGame\Sort\Sort.csproj", "{ACF9ECDD-FCCE-461B-8336-1736A641DF65}"
EndProject
Project("{FAE04EC0-301F-11D3-BF4B-00C04F79EFBC}") = "XML", "CodingGame\XML\XML.csproj", "{5D686BFC-5F8D-47AD-BC57-082384182674}"
EndProject
Project("{FAE04EC0-301F-11D3-BF4B-00C04F79EFBC}") = "CodeJam", "GoogleCodeJam\CodeJam.csproj", "{02485CAE-8C67-477F-8954-D967FAC26F12}"
EndProject
Project("{FAE04EC0-301F-11D3-BF4B-00C04F79EFBC}") = "MDF", "MDF\MDF.csproj", "{EA876243-B32C-42BC-9D2B-BE95832C6877}"
EndProject
Global
	GlobalSection(SolutionConfigurationPlatforms) = preSolution
		Debug|Any CPU = Debug|Any CPU
		Release|Any CPU = Release|Any CPU
	EndGlobalSection
	GlobalSection(ProjectConfigurationPlatforms) = postSolution
		{02EFC24E-313F-4E51-98D7-A8A5AD179C05}.Debug|Any CPU.ActiveCfg = Debug|Any CPU
		{02EFC24E-313F-4E51-98D7-A8A5AD179C05}.Debug|Any CPU.Build.0 = Debug|Any CPU
		{02EFC24E-313F-4E51-98D7-A8A5AD179C05}.Release|Any CPU.ActiveCfg = Release|Any CPU
		{02EFC24E-313F-4E51-98D7-A8A5AD179C05}.Release|Any CPU.Build.0 = Release|Any CPU
		{7ECC1890-9015-43A6-8BC1-F122E6020DE4}.Debug|Any CPU.ActiveCfg = Debug|Any CPU
		{7ECC1890-9015-43A6-8BC1-F122E6020DE4}.Debug|Any CPU.Build.0 = Debug|Any CPU
		{7ECC1890-9015-43A6-8BC1-F122E6020DE4}.Release|Any CPU.ActiveCfg = Release|Any CPU
		{7ECC1890-9015-43A6-8BC1-F122E6020DE4}.Release|Any CPU.Build.0 = Release|Any CPU
		{80E8DB11-0381-4D61-9BBE-E886F11AE0FD}.Debug|Any CPU.ActiveCfg = Debug|Any CPU
		{80E8DB11-0381-4D61-9BBE-E886F11AE0FD}.Debug|Any CPU.Build.0 = Debug|Any CPU
		{80E8DB11-0381-4D61-9BBE-E886F11AE0FD}.Release|Any CPU.ActiveCfg = Release|Any CPU
		{80E8DB11-0381-4D61-9BBE-E886F11AE0FD}.Release|Any CPU.Build.0 = Release|Any CPU
		{180F3DE8-5011-4D61-90E1-34835B2CDCFE}.Debug|Any CPU.ActiveCfg = Debug|Any CPU
		{180F3DE8-5011-4D61-90E1-34835B2CDCFE}.Debug|Any CPU.Build.0 = Debug|Any CPU
		{180F3DE8-5011-4D61-90E1-34835B2CDCFE}.Release|Any CPU.ActiveCfg = Release|Any CPU
		{180F3DE8-5011-4D61-90E1-34835B2CDCFE}.Release|Any CPU.Build.0 = Release|Any CPU
		{2C0D34EF-DCBB-40F9-8E10-F78D122FFBE9}.Debug|Any CPU.ActiveCfg = Debug|Any CPU
		{2C0D34EF-DCBB-40F9-8E10-F78D122FFBE9}.Debug|Any CPU.Build.0 = Debug|Any CPU
		{2C0D34EF-DCBB-40F9-8E10-F78D122FFBE9}.Release|Any CPU.ActiveCfg = Release|Any CPU
		{2C0D34EF-DCBB-40F9-8E10-F78D122FFBE9}.Release|Any CPU.Build.0 = Release|Any CPU
		{935F300F-6795-4951-9C80-9C76382BD5FC}.Debug|Any CPU.ActiveCfg = Debug|Any CPU
		{935F300F-6795-4951-9C80-9C76382BD5FC}.Debug|Any CPU.Build.0 = Debug|Any CPU
		{935F300F-6795-4951-9C80-9C76382BD5FC}.Release|Any CPU.ActiveCfg = Release|Any CPU
		{935F300F-6795-4951-9C80-9C76382BD5FC}.Release|Any CPU.Build.0 = Release|Any CPU
		{AAC4522F-FEA4-4A7A-BE2F-F9FCF7661D0F}.Debug|Any CPU.ActiveCfg = Debug|Any CPU
		{AAC4522F-FEA4-4A7A-BE2F-F9FCF7661D0F}.Debug|Any CPU.Build.0 = Debug|Any CPU
		{AAC4522F-FEA4-4A7A-BE2F-F9FCF7661D0F}.Release|Any CPU.ActiveCfg = Release|Any CPU
		{AAC4522F-FEA4-4A7A-BE2F-F9FCF7661D0F}.Release|Any CPU.Build.0 = Release|Any CPU
		{BA3E048E-5D0B-4B55-9B51-D9A8B5D20BED}.Debug|Any CPU.ActiveCfg = Debug|Any CPU
		{BA3E048E-5D0B-4B55-9B51-D9A8B5D20BED}.Debug|Any CPU.Build.0 = Debug|Any CPU
		{BA3E048E-5D0B-4B55-9B51-D9A8B5D20BED}.Release|Any CPU.ActiveCfg = Release|Any CPU
		{BA3E048E-5D0B-4B55-9B51-D9A8B5D20BED}.Release|Any CPU.Build.0 = Release|Any CPU
		{9B44231E-DC86-4903-933C-D2C67DD9636E}.Debug|Any CPU.ActiveCfg = Debug|Any CPU
		{9B44231E-DC86-4903-933C-D2C67DD9636E}.Debug|Any CPU.Build.0 = Debug|Any CPU
		{9B44231E-DC86-4903-933C-D2C67DD9636E}.Release|Any CPU.ActiveCfg = Release|Any CPU
		{9B44231E-DC86-4903-933C-D2C67DD9636E}.Release|Any CPU.Build.0 = Release|Any CPU
		{DFCDEF2A-68DB-4568-A945-BC684CEE4CE3}.Debug|Any CPU.ActiveCfg = Debug|Any CPU
		{DFCDEF2A-68DB-4568-A945-BC684CEE4CE3}.Debug|Any CPU.Build.0 = Debug|Any CPU
		{DFCDEF2A-68DB-4568-A945-BC684CEE4CE3}.Release|Any CPU.ActiveCfg = Release|Any CPU
		{DFCDEF2A-68DB-4568-A945-BC684CEE4CE3}.Release|Any CPU.Build.0 = Release|Any CPU
		{ADDA15AA-0A48-4529-9E8B-5B33F42C7278}.Debug|Any CPU.ActiveCfg = Debug|Any CPU
		{ADDA15AA-0A48-4529-9E8B-5B33F42C7278}.Debug|Any CPU.Build.0 = Debug|Any CPU
		{ADDA15AA-0A48-4529-9E8B-5B33F42C7278}.Release|Any CPU.ActiveCfg = Release|Any CPU
		{ADDA15AA-0A48-4529-9E8B-5B33F42C7278}.Release|Any CPU.Build.0 = Release|Any CPU
		{8E42D0C0-71CD-42FF-A586-257A18650D22}.Debug|Any CPU.ActiveCfg = Debug|Any CPU
		{8E42D0C0-71CD-42FF-A586-257A18650D22}.Debug|Any CPU.Build.0 = Debug|Any CPU
		{8E42D0C0-71CD-42FF-A586-257A18650D22}.Release|Any CPU.ActiveCfg = Release|Any CPU
		{8E42D0C0-71CD-42FF-A586-257A18650D22}.Release|Any CPU.Build.0 = Release|Any CPU
		{4C1655A6-29D3-42F5-A2D6-F43A59E94E3A}.Debug|Any CPU.ActiveCfg = Debug|Any CPU
		{4C1655A6-29D3-42F5-A2D6-F43A59E94E3A}.Debug|Any CPU.Build.0 = Debug|Any CPU
		{4C1655A6-29D3-42F5-A2D6-F43A59E94E3A}.Release|Any CPU.ActiveCfg = Release|Any CPU
		{4C1655A6-29D3-42F5-A2D6-F43A59E94E3A}.Release|Any CPU.Build.0 = Release|Any CPU
		{ACF9ECDD-FCCE-461B-8336-1736A641DF65}.Debug|Any CPU.ActiveCfg = Debug|Any CPU
		{ACF9ECDD-FCCE-461B-8336-1736A641DF65}.Debug|Any CPU.Build.0 = Debug|Any CPU
		{ACF9ECDD-FCCE-461B-8336-1736A641DF65}.Release|Any CPU.ActiveCfg = Release|Any CPU
		{ACF9ECDD-FCCE-461B-8336-1736A641DF65}.Release|Any CPU.Build.0 = Release|Any CPU
		{5D686BFC-5F8D-47AD-BC57-082384182674}.Debug|Any CPU.ActiveCfg = Debug|Any CPU
		{5D686BFC-5F8D-47AD-BC57-082384182674}.Debug|Any CPU.Build.0 = Debug|Any CPU
		{5D686BFC-5F8D-47AD-BC57-082384182674}.Release|Any CPU.ActiveCfg = Release|Any CPU
		{5D686BFC-5F8D-47AD-BC57-082384182674}.Release|Any CPU.Build.0 = Release|Any CPU
		{02485CAE-8C67-477F-8954-D967FAC26F12}.Debug|Any CPU.ActiveCfg = Debug|Any CPU
		{02485CAE-8C67-477F-8954-D967FAC26F12}.Debug|Any CPU.Build.0 = Debug|Any CPU
		{02485CAE-8C67-477F-8954-D967FAC26F12}.Release|Any CPU.ActiveCfg = Release|Any CPU
		{02485CAE-8C67-477F-8954-D967FAC26F12}.Release|Any CPU.Build.0 = Release|Any CPU
		{EA876243-B32C-42BC-9D2B-BE95832C6877}.Debug|Any CPU.ActiveCfg = Debug|Any CPU
		{EA876243-B32C-42BC-9D2B-BE95832C6877}.Debug|Any CPU.Build.0 = Debug|Any CPU
		{EA876243-B32C-42BC-9D2B-BE95832C6877}.Release|Any CPU.ActiveCfg = Release|Any CPU
		{EA876243-B32C-42BC-9D2B-BE95832C6877}.Release|Any CPU.Build.0 = Release|Any CPU
	EndGlobalSection
	GlobalSection(SolutionProperties) = preSolution
		HideSolutionNode = FALSE
	EndGlobalSection
	GlobalSection(NestedProjects) = preSolution
		{02EFC24E-313F-4E51-98D7-A8A5AD179C05} = {E1DF59D9-4CBA-4525-8C6A-BC87A79E0B7F}
		{7ECC1890-9015-43A6-8BC1-F122E6020DE4} = {E1DF59D9-4CBA-4525-8C6A-BC87A79E0B7F}
		{80E8DB11-0381-4D61-9BBE-E886F11AE0FD} = {E1DF59D9-4CBA-4525-8C6A-BC87A79E0B7F}
		{180F3DE8-5011-4D61-90E1-34835B2CDCFE} = {E1DF59D9-4CBA-4525-8C6A-BC87A79E0B7F}
		{2C0D34EF-DCBB-40F9-8E10-F78D122FFBE9} = {3DAB5719-A4EC-4313-960B-618888792FCC}
		{935F300F-6795-4951-9C80-9C76382BD5FC} = {580F625D-77A0-4BBF-B5DA-94F8D1DEF470}
		{AAC4522F-FEA4-4A7A-BE2F-F9FCF7661D0F} = {9A8F19B2-32B7-43AA-9B2C-C8D1B241F2B3}
		{BA3E048E-5D0B-4B55-9B51-D9A8B5D20BED} = {12B2E162-C478-4695-864C-99CC2D421373}
		{07D458BC-093E-4704-B402-4F2016D7C9EA} = {12B2E162-C478-4695-864C-99CC2D421373}
		{DFCDEF2A-68DB-4568-A945-BC684CEE4CE3} = {2E5AC216-52E7-4FC6-9677-1D7EF75CD398}
		{ADDA15AA-0A48-4529-9E8B-5B33F42C7278} = {2E5AC216-52E7-4FC6-9677-1D7EF75CD398}
		{8E42D0C0-71CD-42FF-A586-257A18650D22} = {2E5AC216-52E7-4FC6-9677-1D7EF75CD398}
		{4C1655A6-29D3-42F5-A2D6-F43A59E94E3A} = {2E5AC216-52E7-4FC6-9677-1D7EF75CD398}
		{ACF9ECDD-FCCE-461B-8336-1736A641DF65} = {2E5AC216-52E7-4FC6-9677-1D7EF75CD398}
		{5D686BFC-5F8D-47AD-BC57-082384182674} = {2E5AC216-52E7-4FC6-9677-1D7EF75CD398}
		{02485CAE-8C67-477F-8954-D967FAC26F12} = {FE9F599F-BAAC-4413-98FC-5E5F5B4334BA}
		{EA876243-B32C-42BC-9D2B-BE95832C6877} = {1DA28589-EA8E-4A91-8146-81DBA3148FC8}
	EndGlobalSection
	GlobalSection(ExtensibilityGlobals) = postSolution
		SolutionGuid = {F923B038-6531-4927-B4C3-C40C5AB4D755}
	EndGlobalSection
EndGlobal
